
Microsoft Visual Studio Solution File, Format Version 12.00
# Visual Studio Version 16
VisualStudioVersion = 16.0.30907.101
MinimumVisualStudioVersion = 10.0.40219.1
Project("{FAE04EC0-301F-11D3-BF4B-00C04F79EFBC}") = "Vissoka Marketing", "Vissoka Marketing\Vissoka Marketing.csproj", "{3A5BD693-D30D-40A4-8800-33D27391871E}"
	ProjectSection(ProjectDependencies) = postProject
		{9A7A390D-B460-45CE-A889-272A92554E2D} = {9A7A390D-B460-45CE-A889-272A92554E2D}
	EndProjectSection
EndProject
Project("{FAE04EC0-301F-11D3-BF4B-00C04F79EFBC}") = "Vissoka", "..\Vissoka Framework\Vissoka.csproj", "{9A7A390D-B460-45CE-A889-272A92554E2D}"
EndProject
Global
	GlobalSection(SolutionConfigurationPlatforms) = preSolution
		Debug|Any CPU = Debug|Any CPU
		Release|Any CPU = Release|Any CPU
	EndGlobalSection
	GlobalSection(ProjectConfigurationPlatforms) = postSolution
		{3A5BD693-D30D-40A4-8800-33D27391871E}.Debug|Any CPU.ActiveCfg = Debug|Any CPU
		{3A5BD693-D30D-40A4-8800-33D27391871E}.Debug|Any CPU.Build.0 = Debug|Any CPU
		{3A5BD693-D30D-40A4-8800-33D27391871E}.Release|Any CPU.ActiveCfg = Release|Any CPU
		{3A5BD693-D30D-40A4-8800-33D27391871E}.Release|Any CPU.Build.0 = Release|Any CPU
		{9A7A390D-B460-45CE-A889-272A92554E2D}.Debug|Any CPU.ActiveCfg = Debug|Any CPU
		{9A7A390D-B460-45CE-A889-272A92554E2D}.Debug|Any CPU.Build.0 = Debug|Any CPU
		{9A7A390D-B460-45CE-A889-272A92554E2D}.Release|Any CPU.ActiveCfg = Release|Any CPU
		{9A7A390D-B460-45CE-A889-272A92554E2D}.Release|Any CPU.Build.0 = Release|Any CPU
	EndGlobalSection
	GlobalSection(SolutionProperties) = preSolution
		HideSolutionNode = FALSE
	EndGlobalSection
	GlobalSection(ExtensibilityGlobals) = postSolution
		SolutionGuid = {D5CAFECB-3801-4964-BBC6-58E257A16AA1}
	EndGlobalSection
EndGlobal
